// !$*UTF8*$!
{
	archiveVersion = 1;
	classes = {
	};
	objectVersion = 46;
	objects = {

/* Begin PBXBuildFile section */
		F61D7D8E1A682B9000FD2E8B /* main.m in Sources */ = {isa = PBXBuildFile; fileRef = F61D7D8D1A682B9000FD2E8B /* main.m */; };
		F61D7D911A682B9000FD2E8B /* AppDelegate.m in Sources */ = {isa = PBXBuildFile; fileRef = F61D7D901A682B9000FD2E8B /* AppDelegate.m */; };
		F61D7D941A682B9000FD2E8B /* ViewController.m in Sources */ = {isa = PBXBuildFile; fileRef = F61D7D931A682B9000FD2E8B /* ViewController.m */; };
		F61D7D971A682B9000FD2E8B /* Main.storyboard in Resources */ = {isa = PBXBuildFile; fileRef = F61D7D951A682B9000FD2E8B /* Main.storyboard */; };
		F61D7D991A682B9000FD2E8B /* Images.xcassets in Resources */ = {isa = PBXBuildFile; fileRef = F61D7D981A682B9000FD2E8B /* Images.xcassets */; };
		F61D7D9C1A682B9000FD2E8B /* LaunchScreen.xib in Resources */ = {isa = PBXBuildFile; fileRef = F61D7D9A1A682B9000FD2E8B /* LaunchScreen.xib */; };
		F61D7DA81A682B9000FD2E8B /* TestingTests.m in Sources */ = {isa = PBXBuildFile; fileRef = F61D7DA71A682B9000FD2E8B /* TestingTests.m */; };
/* End PBXBuildFile section */

/* Begin PBXContainerItemProxy section */
		F61D7DA21A682B9000FD2E8B /* PBXContainerItemProxy */ = {
			isa = PBXContainerItemProxy;
			containerPortal = F61D7D801A682B9000FD2E8B /* Project object */;
			proxyType = 1;
			remoteGlobalIDString = F61D7D871A682B9000FD2E8B;
			remoteInfo = Testing;
		};
/* End PBXContainerItemProxy section */

/* Begin PBXFileReference section */
		F61D7D881A682B9000FD2E8B /* Testing.app */ = {isa = PBXFileReference; explicitFileType = wrapper.application; includeInIndex = 0; path = Testing.app; sourceTree = BUILT_PRODUCTS_DIR; };
		F61D7D8C1A682B9000FD2E8B /* Info.plist */ = {isa = PBXFileReference; lastKnownFileType = text.plist.xml; path = Info.plist; sourceTree = "<group>"; };
		F61D7D8D1A682B9000FD2E8B /* main.m */ = {isa = PBXFileReference; lastKnownFileType = sourcecode.c.objc; path = main.m; sourceTree = "<group>"; };
		F61D7D8F1A682B9000FD2E8B /* AppDelegate.h */ = {isa = PBXFileReference; lastKnownFileType = sourcecode.c.h; path = AppDelegate.h; sourceTree = "<group>"; };
		F61D7D901A682B9000FD2E8B /* AppDelegate.m */ = {isa = PBXFileReference; lastKnownFileType = sourcecode.c.objc; path = AppDelegate.m; sourceTree = "<group>"; };
		F61D7D921A682B9000FD2E8B /* ViewController.h */ = {isa = PBXFileReference; lastKnownFileType = sourcecode.c.h; path = ViewController.h; sourceTree = "<group>"; };
		F61D7D931A682B9000FD2E8B /* ViewController.m */ = {isa = PBXFileReference; lastKnownFileType = sourcecode.c.objc; path = ViewController.m; sourceTree = "<group>"; };
		F61D7D961A682B9000FD2E8B /* Base */ = {isa = PBXFileReference; lastKnownFileType = file.storyboard; name = Base; path = Base.lproj/Main.storyboard; sourceTree = "<group>"; };
		F61D7D981A682B9000FD2E8B /* Images.xcassets */ = {isa = PBXFileReference; lastKnownFileType = folder.assetcatalog; path = Images.xcassets; sourceTree = "<group>"; };
		F61D7D9B1A682B9000FD2E8B /* Base */ = {isa = PBXFileReference; lastKnownFileType = file.xib; name = Base; path = Base.lproj/LaunchScreen.xib; sourceTree = "<group>"; };
		F61D7DA11A682B9000FD2E8B /* TestingTests.xctest */ = {isa = PBXFileReference; explicitFileType = wrapper.cfbundle; includeInIndex = 0; path = TestingTests.xctest; sourceTree = BUILT_PRODUCTS_DIR; };
		F61D7DA61A682B9000FD2E8B /* Info.plist */ = {isa = PBXFileReference; lastKnownFileType = text.plist.xml; path = Info.plist; sourceTree = "<group>"; };
		F61D7DA71A682B9000FD2E8B /* TestingTests.m */ = {isa = PBXFileReference; lastKnownFileType = sourcecode.c.objc; path = TestingTests.m; sourceTree = "<group>"; };
/* End PBXFileReference section */

/* Begin PBXFrameworksBuildPhase section */
		F61D7D851A682B9000FD2E8B /* Frameworks */ = {
			isa = PBXFrameworksBuildPhase;
			buildActionMask = 2147483647;
			files = (
			);
			runOnlyForDeploymentPostprocessing = 0;
		};
		F61D7D9E1A682B9000FD2E8B /* Frameworks */ = {
			isa = PBXFrameworksBuildPhase;
			buildActionMask = 2147483647;
			files = (
			);
			runOnlyForDeploymentPostprocessing = 0;
		};
/* End PBXFrameworksBuildPhase section */

/* Begin PBXGroup section */
		F61D7D7F1A682B9000FD2E8B = {
			isa = PBXGroup;
			children = (
				F61D7D8A1A682B9000FD2E8B /* Testing */,
				F61D7DA41A682B9000FD2E8B /* TestingTests */,
				F61D7D891A682B9000FD2E8B /* Products */,
			);
			sourceTree = "<group>";
		};
		F61D7D891A682B9000FD2E8B /* Products */ = {
			isa = PBXGroup;
			children = (
				F61D7D881A682B9000FD2E8B /* Testing.app */,
				F61D7DA11A682B9000FD2E8B /* TestingTests.xctest */,
			);
			name = Products;
			sourceTree = "<group>";
		};
		F61D7D8A1A682B9000FD2E8B /* Testing */ = {
			isa = PBXGroup;
			children = (
				F61D7D8F1A682B9000FD2E8B /* AppDelegate.h */,
				F61D7D901A682B9000FD2E8B /* AppDelegate.m */,
				F61D7D921A682B9000FD2E8B /* ViewController.h */,
				F61D7D931A682B9000FD2E8B /* ViewController.m */,
				F61D7D951A682B9000FD2E8B /* Main.storyboard */,
				F61D7D981A682B9000FD2E8B /* Images.xcassets */,
				F61D7D9A1A682B9000FD2E8B /* LaunchScreen.xib */,
				F61D7D8B1A682B9000FD2E8B /* Supporting Files */,
			);
			path = Testing;
			sourceTree = "<group>";
		};
		F61D7D8B1A682B9000FD2E8B /* Supporting Files */ = {
			isa = PBXGroup;
			children = (
				F61D7D8C1A682B9000FD2E8B /* Info.plist */,
				F61D7D8D1A682B9000FD2E8B /* main.m */,
			);
			name = "Supporting Files";
			sourceTree = "<group>";
		};
		F61D7DA41A682B9000FD2E8B /* TestingTests */ = {
			isa = PBXGroup;
			children = (
				F61D7DA71A682B9000FD2E8B /* TestingTests.m */,
				F61D7DA51A682B9000FD2E8B /* Supporting Files */,
			);
			path = TestingTests;
			sourceTree = "<group>";
		};
		F61D7DA51A682B9000FD2E8B /* Supporting Files */ = {
			isa = PBXGroup;
			children = (
				F61D7DA61A682B9000FD2E8B /* Info.plist */,
			);
			name = "Supporting Files";
			sourceTree = "<group>";
		};
/* End PBXGroup section */

/* Begin PBXNativeTarget section */
		F61D7D871A682B9000FD2E8B /* Testing */ = {
			isa = PBXNativeTarget;
			buildConfigurationList = F61D7DAB1A682B9000FD2E8B /* Build configuration list for PBXNativeTarget "Testing" */;
			buildPhases = (
				F61D7D841A682B9000FD2E8B /* Sources */,
				F61D7D851A682B9000FD2E8B /* Frameworks */,
				F61D7D861A682B9000FD2E8B /* Resources */,
			);
			buildRules = (
			);
			dependencies = (
			);
			name = Testing;
			productName = Testing;
			productReference = F61D7D881A682B9000FD2E8B /* Testing.app */;
			productType = "com.apple.product-type.application";
		};
		F61D7DA01A682B9000FD2E8B /* TestingTests */ = {
			isa = PBXNativeTarget;
			buildConfigurationList = F61D7DAE1A682B9000FD2E8B /* Build configuration list for PBXNativeTarget "TestingTests" */;
			buildPhases = (
				F61D7D9D1A682B9000FD2E8B /* Sources */,
				F61D7D9E1A682B9000FD2E8B /* Frameworks */,
				F61D7D9F1A682B9000FD2E8B /* Resources */,
			);
			buildRules = (
			);
			dependencies = (
				F61D7DA31A682B9000FD2E8B /* PBXTargetDependency */,
			);
			name = TestingTests;
			productName = TestingTests;
			productReference = F61D7DA11A682B9000FD2E8B /* TestingTests.xctest */;
			productType = "com.apple.product-type.bundle.unit-test";
		};
/* End PBXNativeTarget section */

/* Begin PBXProject section */
		F61D7D801A682B9000FD2E8B /* Project object */ = {
			isa = PBXProject;
			attributes = {
				LastUpgradeCheck = 0600;
				ORGANIZATIONNAME = "Vaishnavi Raghu Raman";
				TargetAttributes = {
					F61D7D871A682B9000FD2E8B = {
						CreatedOnToolsVersion = 6.0.1;
					};
					F61D7DA01A682B9000FD2E8B = {
						CreatedOnToolsVersion = 6.0.1;
						TestTargetID = F61D7D871A682B9000FD2E8B;
					};
				};
			};
			buildConfigurationList = F61D7D831A682B9000FD2E8B /* Build configuration list for PBXProject "Testing" */;
			compatibilityVersion = "Xcode 3.2";
			developmentRegion = English;
			hasScannedForEncodings = 0;
			knownRegions = (
				en,
				Base,
			);
			mainGroup = F61D7D7F1A682B9000FD2E8B;
			productRefGroup = F61D7D891A682B9000FD2E8B /* Products */;
			projectDirPath = "";
			projectRoot = "";
			targets = (
				F61D7D871A682B9000FD2E8B /* Testing */,
				F61D7DA01A682B9000FD2E8B /* TestingTests */,
			);
		};
/* End PBXProject section */

/* Begin PBXResourcesBuildPhase section */
		F61D7D861A682B9000FD2E8B /* Resources */ = {
			isa = PBXResourcesBuildPhase;
			buildActionMask = 2147483647;
			files = (
				F61D7D971A682B9000FD2E8B /* Main.storyboard in Resources */,
				F61D7D9C1A682B9000FD2E8B /* LaunchScreen.xib in Resources */,
				F61D7D991A682B9000FD2E8B /* Images.xcassets in Resources */,
			);
			runOnlyForDeploymentPostprocessing = 0;
		};
		F61D7D9F1A682B9000FD2E8B /* Resources */ = {
			isa = PBXResourcesBuildPhase;
			buildActionMask = 2147483647;
			files = (
			);
			runOnlyForDeploymentPostprocessing = 0;
		};
/* End PBXResourcesBuildPhase section */

/* Begin PBXSourcesBuildPhase section */
		F61D7D841A682B9000FD2E8B /* Sources */ = {
			isa = PBXSourcesBuildPhase;
			buildActionMask = 2147483647;
			files = (
				F61D7D941A682B9000FD2E8B /* ViewController.m in Sources */,
				F61D7D911A682B9000FD2E8B /* AppDelegate.m in Sources */,
				F61D7D8E1A682B9000FD2E8B /* main.m in Sources */,
			);
			runOnlyForDeploymentPostprocessing = 0;
		};
		F61D7D9D1A682B9000FD2E8B /* Sources */ = {
			isa = PBXSourcesBuildPhase;
			buildActionMask = 2147483647;
			files = (
				F61D7DA81A682B9000FD2E8B /* TestingTests.m in Sources */,
			);
			runOnlyForDeploymentPostprocessing = 0;
		};
/* End PBXSourcesBuildPhase section */

/* Begin PBXTargetDependency section */
		F61D7DA31A682B9000FD2E8B /* PBXTargetDependency */ = {
			isa = PBXTargetDependency;
			target = F61D7D871A682B9000FD2E8B /* Testing */;
			targetProxy = F61D7DA21A682B9000FD2E8B /* PBXContainerItemProxy */;
		};
/* End PBXTargetDependency section */

/* Begin PBXVariantGroup section */
		F61D7D951A682B9000FD2E8B /* Main.storyboard */ = {
			isa = PBXVariantGroup;
			children = (
				F61D7D961A682B9000FD2E8B /* Base */,
			);
			name = Main.storyboard;
			sourceTree = "<group>";
		};
		F61D7D9A1A682B9000FD2E8B /* LaunchScreen.xib */ = {
			isa = PBXVariantGroup;
			children = (
				F61D7D9B1A682B9000FD2E8B /* Base */,
			);
			name = LaunchScreen.xib;
			sourceTree = "<group>";
		};
/* End PBXVariantGroup section */

/* Begin XCBuildConfiguration section */
		F61D7DA91A682B9000FD2E8B /* Debug */ = {
			isa = XCBuildConfiguration;
			buildSettings = {
				ALWAYS_SEARCH_USER_PATHS = NO;
				CLANG_CXX_LANGUAGE_STANDARD = "gnu++0x";
				CLANG_CXX_LIBRARY = "libc++";
				CLANG_ENABLE_MODULES = YES;
				CLANG_ENABLE_OBJC_ARC = YES;
				CLANG_WARN_BOOL_CONVERSION = YES;
				CLANG_WARN_CONSTANT_CONVERSION = YES;
				CLANG_WARN_DIRECT_OBJC_ISA_USAGE = YES_ERROR;
				CLANG_WARN_EMPTY_BODY = YES;
				CLANG_WARN_ENUM_CONVERSION = YES;
				CLANG_WARN_INT_CONVERSION = YES;
				CLANG_WARN_OBJC_ROOT_CLASS = YES_ERROR;
				CLANG_WARN_UNREACHABLE_CODE = YES;
				CLANG_WARN__DUPLICATE_METHOD_MATCH = YES;
				"CODE_SIGN_IDENTITY[sdk=iphoneos*]" = "iPhone Developer";
				COPY_PHASE_STRIP = NO;
				ENABLE_STRICT_OBJC_MSGSEND = YES;
				GCC_C_LANGUAGE_STANDARD = gnu99;
				GCC_DYNAMIC_NO_PIC = NO;
				GCC_OPTIMIZATION_LEVEL = 0;
				GCC_PREPROCESSOR_DEFINITIONS = (
					"DEBUG=1",
					"$(inherited)",
				);
				GCC_SYMBOLS_PRIVATE_EXTERN = NO;
				GCC_WARN_64_TO_32_BIT_CONVERSION = YES;
				GCC_WARN_ABOUT_RETURN_TYPE = YES_ERROR;
				GCC_WARN_UNDECLARED_SELECTOR = YES;
				GCC_WARN_UNINITIALIZED_AUTOS = YES_AGGRESSIVE;
				GCC_WARN_UNUSED_FUNCTION = YES;
				GCC_WARN_UNUSED_VARIABLE = YES;
				IPHONEOS_DEPLOYMENT_TARGET = 8.0;
				MTL_ENABLE_DEBUG_INFO = YES;
				ONLY_ACTIVE_ARCH = YES;
				SDKROOT = iphoneos;
			};
			name = Debug;
		};
		F61D7DAA1A682B9000FD2E8B /* Release */ = {
			isa = XCBuildConfiguration;
			buildSettings = {
				ALWAYS_SEARCH_USER_PATHS = NO;
				CLANG_CXX_LANGUAGE_STANDARD = "gnu++0x";
				CLANG_CXX_LIBRARY = "libc++";
				CLANG_ENABLE_MODULES = YES;
				CLANG_ENABLE_OBJC_ARC = YES;
				CLANG_WARN_BOOL_CONVERSION = YES;
				CLANG_WARN_CONSTANT_CONVERSION = YES;
				CLANG_WARN_DIRECT_OBJC_ISA_USAGE = YES_ERROR;
				CLANG_WARN_EMPTY_BODY = YES;
				CLANG_WARN_ENUM_CONVERSION = YES;
				CLANG_WARN_INT_CONVERSION = YES;
				CLANG_WARN_OBJC_ROOT_CLASS = YES_ERROR;
				CLANG_WARN_UNREACHABLE_CODE = YES;
				CLANG_WARN__DUPLICATE_METHOD_MATCH = YES;
				"CODE_SIGN_IDENTITY[sdk=iphoneos*]" = "iPhone Developer";
				COPY_PHASE_STRIP = YES;
				ENABLE_NS_ASSERTIONS = NO;
				ENABLE_STRICT_OBJC_MSGSEND = YES;
				GCC_C_LANGUAGE_STANDARD = gnu99;
				GCC_WARN_64_TO_32_BIT_CONVERSION = YES;
				GCC_WARN_ABOUT_RETURN_TYPE = YES_ERROR;
				GCC_WARN_UNDECLARED_SELECTOR = YES;
				GCC_WARN_UNINITIALIZED_AUTOS = YES_AGGRESSIVE;
				GCC_WARN_UNUSED_FUNCTION = YES;
				GCC_WARN_UNUSED_VARIABLE = YES;
				IPHONEOS_DEPLOYMENT_TARGET = 8.0;
				MTL_ENABLE_DEBUG_INFO = NO;
				SDKROOT = iphoneos;
				VALIDATE_PRODUCT = YES;
			};
			name = Release;
		};
		F61D7DAC1A682B9000FD2E8B /* Debug */ = {
			isa = XCBuildConfiguration;
			buildSettings = {
				ASSETCATALOG_COMPILER_APPICON_NAME = AppIcon;
				INFOPLIST_FILE = Testing/Info.plist;
				LD_RUNPATH_SEARCH_PATHS = "$(inherited) @executable_path/Frameworks";
				PRODUCT_NAME = "$(TARGET_NAME)";
			};
			name = Debug;
		};
		F61D7DAD1A682B9000FD2E8B /* Release */ = {
			isa = XCBuildConfiguration;
			buildSettings = {
				ASSETCATALOG_COMPILER_APPICON_NAME = AppIcon;
				INFOPLIST_FILE = Testing/Info.plist;
				LD_RUNPATH_SEARCH_PATHS = "$(inherited) @executable_path/Frameworks";
				PRODUCT_NAME = "$(TARGET_NAME)";
			};
			name = Release;
		};
		F61D7DAF1A682B9000FD2E8B /* Debug */ = {
			isa = XCBuildConfiguration;
			buildSettings = {
				BUNDLE_LOADER = "$(TEST_HOST)";
				FRAMEWORK_SEARCH_PATHS = (
					"$(SDKROOT)/Developer/Library/Frameworks",
					"$(inherited)",
				);
				GCC_PREPROCESSOR_DEFINITIONS = (
					"DEBUG=1",
					"$(inherited)",
				);
				INFOPLIST_FILE = TestingTests/Info.plist;
				LD_RUNPATH_SEARCH_PATHS = "$(inherited) @executable_path/Frameworks @loader_path/Frameworks";
				PRODUCT_NAME = "$(TARGET_NAME)";
				TEST_HOST = "$(BUILT_PRODUCTS_DIR)/Testing.app/Testing";
			};
			name = Debug;
		};
		F61D7DB01A682B9000FD2E8B /* Release */ = {
			isa = XCBuildConfiguration;
			buildSettings = {
				BUNDLE_LOADER = "$(TEST_HOST)";
				FRAMEWORK_SEARCH_PATHS = (
					"$(SDKROOT)/Developer/Library/Frameworks",
					"$(inherited)",
				);
				INFOPLIST_FILE = TestingTests/Info.plist;
				LD_RUNPATH_SEARCH_PATHS = "$(inherited) @executable_path/Frameworks @loader_path/Frameworks";
				PRODUCT_NAME = "$(TARGET_NAME)";
				TEST_HOST = "$(BUILT_PRODUCTS_DIR)/Testing.app/Testing";
			};
			name = Release;
		};
/* End XCBuildConfiguration section */

/* Begin XCConfigurationList section */
		F61D7D831A682B9000FD2E8B /* Build configuration list for PBXProject "Testing" */ = {
			isa = XCConfigurationList;
			buildConfigurations = (
				F61D7DA91A682B9000FD2E8B /* Debug */,
				F61D7DAA1A682B9000FD2E8B /* Release */,
			);
			defaultConfigurationIsVisible = 0;
			defaultConfigurationName = Release;
		};
		F61D7DAB1A682B9000FD2E8B /* Build configuration list for PBXNativeTarget "Testing" */ = {
			isa = XCConfigurationList;
			buildConfigurations = (
				F61D7DAC1A682B9000FD2E8B /* Debug */,
				F61D7DAD1A682B9000FD2E8B /* Release */,
			);
			defaultConfigurationIsVisible = 0;
		};
		F61D7DAE1A682B9000FD2E8B /* Build configuration list for PBXNativeTarget "TestingTests" */ = {
			isa = XCConfigurationList;
			buildConfigurations = (
				F61D7DAF1A682B9000FD2E8B /* Debug */,
				F61D7DB01A682B9000FD2E8B /* Release */,
			);
			defaultConfigurationIsVisible = 0;
		};
/* End XCConfigurationList section */
	};
	rootObject = F61D7D801A682B9000FD2E8B /* Project object */;
}
